
Microsoft Visual Studio Solution File, Format Version 12.00
# Visual Studio Version 17
VisualStudioVersion = 17.0.31903.59
MinimumVisualStudioVersion = 10.0.40219.1
Project("{FAE04EC0-301F-11D3-BF4B-00C04F79EFBC}") = "Template.AppHost", "Template.AppHost.csproj", "{8C036E4F-5A1C-43A3-8F91-EB5204EECD6A}"
EndProject
Project("{FAE04EC0-301F-11D3-BF4B-00C04F79EFBC}") = "Template.Api", "..\Template.Api\Template.Api.csproj", "{7F062A5D-0F67-42D5-A852-869013949914}"
EndProject
Global
	GlobalSection(SolutionConfigurationPlatforms) = preSolution
		Debug|Any CPU = Debug|Any CPU
		Debug|x64 = Debug|x64
		Debug|x86 = Debug|x86
		Release|Any CPU = Release|Any CPU
		Release|x64 = Release|x64
		Release|x86 = Release|x86
	EndGlobalSection
	GlobalSection(ProjectConfigurationPlatforms) = postSolution
		{8C036E4F-5A1C-43A3-8F91-EB5204EECD6A}.Debug|Any CPU.ActiveCfg = Debug|Any CPU
		{8C036E4F-5A1C-43A3-8F91-EB5204EECD6A}.Debug|Any CPU.Build.0 = Debug|Any CPU
		{8C036E4F-5A1C-43A3-8F91-EB5204EECD6A}.Debug|x64.ActiveCfg = Debug|Any CPU
		{8C036E4F-5A1C-43A3-8F91-EB5204EECD6A}.Debug|x64.Build.0 = Debug|Any CPU
		{8C036E4F-5A1C-43A3-8F91-EB5204EECD6A}.Debug|x86.ActiveCfg = Debug|Any CPU
		{8C036E4F-5A1C-43A3-8F91-EB5204EECD6A}.Debug|x86.Build.0 = Debug|Any CPU
		{8C036E4F-5A1C-43A3-8F91-EB5204EECD6A}.Release|Any CPU.ActiveCfg = Release|Any CPU
		{8C036E4F-5A1C-43A3-8F91-EB5204EECD6A}.Release|Any CPU.Build.0 = Release|Any CPU
		{8C036E4F-5A1C-43A3-8F91-EB5204EECD6A}.Release|x64.ActiveCfg = Release|Any CPU
		{8C036E4F-5A1C-43A3-8F91-EB5204EECD6A}.Release|x64.Build.0 = Release|Any CPU
		{8C036E4F-5A1C-43A3-8F91-EB5204EECD6A}.Release|x86.ActiveCfg = Release|Any CPU
		{8C036E4F-5A1C-43A3-8F91-EB5204EECD6A}.Release|x86.Build.0 = Release|Any CPU
		{7F062A5D-0F67-42D5-A852-869013949914}.Debug|Any CPU.ActiveCfg = Debug|Any CPU
		{7F062A5D-0F67-42D5-A852-869013949914}.Debug|Any CPU.Build.0 = Debug|Any CPU
		{7F062A5D-0F67-42D5-A852-869013949914}.Debug|x64.ActiveCfg = Debug|Any CPU
		{7F062A5D-0F67-42D5-A852-869013949914}.Debug|x64.Build.0 = Debug|Any CPU
		{7F062A5D-0F67-42D5-A852-869013949914}.Debug|x86.ActiveCfg = Debug|Any CPU
		{7F062A5D-0F67-42D5-A852-869013949914}.Debug|x86.Build.0 = Debug|Any CPU
		{7F062A5D-0F67-42D5-A852-869013949914}.Release|Any CPU.ActiveCfg = Release|Any CPU
		{7F062A5D-0F67-42D5-A852-869013949914}.Release|Any CPU.Build.0 = Release|Any CPU
		{7F062A5D-0F67-42D5-A852-869013949914}.Release|x64.ActiveCfg = Release|Any CPU
		{7F062A5D-0F67-42D5-A852-869013949914}.Release|x64.Build.0 = Release|Any CPU
		{7F062A5D-0F67-42D5-A852-869013949914}.Release|x86.ActiveCfg = Release|Any CPU
		{7F062A5D-0F67-42D5-A852-869013949914}.Release|x86.Build.0 = Release|Any CPU
	EndGlobalSection
	GlobalSection(SolutionProperties) = preSolution
		HideSolutionNode = FALSE
	EndGlobalSection
EndGlobal
