
Microsoft Visual Studio Solution File, Format Version 12.00
# Visual Studio Version 17
VisualStudioVersion = 17.14.36804.6 d17.14
MinimumVisualStudioVersion = 10.0.40219.1
Project("{FAE04EC0-301F-11D3-BF4B-00C04F79EFBC}") = "Template.Api", "Template.Api.csproj", "{71EF18B2-9150-4B70-933E-66DF569BFC9D}"
EndProject
Global
	GlobalSection(SolutionConfigurationPlatforms) = preSolution
		Debug|Any CPU = Debug|Any CPU
		Release|Any CPU = Release|Any CPU
	EndGlobalSection
	GlobalSection(ProjectConfigurationPlatforms) = postSolution
		{71EF18B2-9150-4B70-933E-66DF569BFC9D}.Debug|Any CPU.ActiveCfg = Debug|Any CPU
		{71EF18B2-9150-4B70-933E-66DF569BFC9D}.Debug|Any CPU.Build.0 = Debug|Any CPU
		{71EF18B2-9150-4B70-933E-66DF569BFC9D}.Release|Any CPU.ActiveCfg = Release|Any CPU
		{71EF18B2-9150-4B70-933E-66DF569BFC9D}.Release|Any CPU.Build.0 = Release|Any CPU
	EndGlobalSection
	GlobalSection(SolutionProperties) = preSolution
		HideSolutionNode = FALSE
	EndGlobalSection
	GlobalSection(ExtensibilityGlobals) = postSolution
		SolutionGuid = {72C01BC9-3793-4302-B463-8B7250297A53}
	EndGlobalSection
EndGlobal
